{
  "name": "workflow-executer",
  "version": "1.0.0",
  "lockfileVersion": 3,
  "requires": true,
  "packages": {
    "": {
      "name": "workflow-executer",
      "version": "1.0.0",
      "license": "MIT",
      "dependencies": {
        "trywrap": "^1.1.2"
      }
    },
    "node_modules/trywrap": {
      "version": "1.1.2",
      "resolved": "https://registry.npmjs.org/trywrap/-/trywrap-1.1.2.tgz",
      "integrity": "sha512-sbh5HomRiIC/VVKR5BPe7mPti9qNEAc00iZMDe9UqKtZuUp9iQCGLtTNUV2/UvAIWImyk5eqq0jGFv4wmWJ7Rw==",
      "license": "MIT"
    }
  }
}
